{
  "object": {
    "pins": [
      {
        "package": "CCommonCrypto",
        "repositoryURL": "https://github.com/jernejstrasner/CCommonCrypto.git",
        "state": {
          "branch": null,
          "revision": "0530a4637e4a3728f6d5f23199a2f6e4f56c126d",
          "version": "1.1.0"
        }
      },
      {
        "package": "Nimble",
        "repositoryURL": "https://github.com/Quick/Nimble.git",
        "state": {
          "branch": null,
          "revision": "e9d769113660769a4d9dd3afb855562c0b7ae7b0",
          "version": "7.3.4"
        }
      },
      {
        "package": "Quick",
        "repositoryURL": "https://github.com/Quick/Quick.git",
        "state": {
          "branch": null,
          "revision": "f2b5a06440ea87eba1a167cab37bf6496646c52e",
          "version": "1.3.4"
        }
      },
      {
        "package": "SwiftCrypto",
        "repositoryURL": "https://github.com/jernejstrasner/SwiftCrypto.git",
        "state": {
          "branch": null,
          "revision": "2ebc58fa75de1c7d4ef884c609a81398c01655d7",
          "version": "1.0.3"
        }
      }
    ]
  },
  "version": 1
}
